
Microsoft Visual Studio Solution File, Format Version 12.00
# Visual Studio 15
VisualStudioVersion = 15.0.27703.2026
MinimumVisualStudioVersion = 10.0.40219.1
Project("{2150E333-8FDC-42A3-9474-1A3956D46DE8}") = "Section2_RefAndSpan", "Section2_RefAndSpan", "{F675CCB6-F86A-4798-80A7-E9CE12CA3806}"
EndProject
Project("{FAE04EC0-301F-11D3-BF4B-00C04F79EFBC}") = "Video1_RefAndManagedPointers", "Section2_RefAndSpan\Video1_RefAndManagedPointers\Video1_RefAndManagedPointers.csproj", "{D8604BA0-18B7-46EB-9133-A86864A0F4F5}"
EndProject
Global
	GlobalSection(SolutionConfigurationPlatforms) = preSolution
		Debug|Any CPU = Debug|Any CPU
		Release|Any CPU = Release|Any CPU
	EndGlobalSection
	GlobalSection(ProjectConfigurationPlatforms) = postSolution
		{D8604BA0-18B7-46EB-9133-A86864A0F4F5}.Debug|Any CPU.ActiveCfg = Debug|Any CPU
		{D8604BA0-18B7-46EB-9133-A86864A0F4F5}.Debug|Any CPU.Build.0 = Debug|Any CPU
		{D8604BA0-18B7-46EB-9133-A86864A0F4F5}.Release|Any CPU.ActiveCfg = Release|Any CPU
		{D8604BA0-18B7-46EB-9133-A86864A0F4F5}.Release|Any CPU.Build.0 = Release|Any CPU
	EndGlobalSection
	GlobalSection(SolutionProperties) = preSolution
		HideSolutionNode = FALSE
	EndGlobalSection
	GlobalSection(NestedProjects) = preSolution
		{D8604BA0-18B7-46EB-9133-A86864A0F4F5} = {F675CCB6-F86A-4798-80A7-E9CE12CA3806}
	EndGlobalSection
	GlobalSection(ExtensibilityGlobals) = postSolution
		SolutionGuid = {04BEB46F-03EC-4B9A-BAE4-323D1D2FFC79}
	EndGlobalSection
EndGlobal
